Microsoft Visual Studio Solution File, Format Version 12.00
# Visual Studio Version 17
VisualStudioVersion = 17.5.2.0
MinimumVisualStudioVersion = 10.0.40219.1
Project("{FAE04EC0-301F-11D3-BF4B-00C04F79EFBC}") = "MyPL", "MyPL.csproj", "{B402A18A-0E3E-16EB-679C-9E1B631E6651}"
EndProject
Global
	GlobalSection(SolutionConfigurationPlatforms) = preSolution
		Debug|Any CPU = Debug|Any CPU
		Release|Any CPU = Release|Any CPU
	EndGlobalSection
	GlobalSection(ProjectConfigurationPlatforms) = postSolution
		{B402A18A-0E3E-16EB-679C-9E1B631E6651}.Debug|Any CPU.ActiveCfg = Debug|Any CPU
		{B402A18A-0E3E-16EB-679C-9E1B631E6651}.Debug|Any CPU.Build.0 = Debug|Any CPU
		{B402A18A-0E3E-16EB-679C-9E1B631E6651}.Release|Any CPU.ActiveCfg = Release|Any CPU
		{B402A18A-0E3E-16EB-679C-9E1B631E6651}.Release|Any CPU.Build.0 = Release|Any CPU
	EndGlobalSection
	GlobalSection(SolutionProperties) = preSolution
		HideSolutionNode = FALSE
	EndGlobalSection
	GlobalSection(ExtensibilityGlobals) = postSolution
		SolutionGuid = {F6847CEE-3E42-4506-9F69-2FD3EBE7C591}
	EndGlobalSection
EndGlobal
